
Microsoft Visual Studio Solution File, Format Version 12.00
# Visual Studio Version 17
VisualStudioVersion = 17.6.33829.357
MinimumVisualStudioVersion = 10.0.40219.1
Project("{FAE04EC0-301F-11D3-BF4B-00C04F79EFBC}") = "MySuperBestCalculatorEver", "MySuperBestCalculatorEver\MySuperBestCalculatorEver.csproj", "{3A14F28C-C2AA-421A-B1E6-AD092DA33B17}"
EndProject
Project("{FAE04EC0-301F-11D3-BF4B-00C04F79EFBC}") = "MyBestDataClassEver", "MyBestDataClassEver\MyBestDataClassEver.csproj", "{39060B2C-5A73-4D86-9871-B60C808E28A6}"
EndProject
Project("{FAE04EC0-301F-11D3-BF4B-00C04F79EFBC}") = "MySuperEasyUnitTest", "MySuperEasyUnitTest\MySuperEasyUnitTest.csproj", "{3EE59FA3-0787-4020-ABBA-5068B5E2C004}"
EndProject
Global
	GlobalSection(SolutionConfigurationPlatforms) = preSolution
		Debug|Any CPU = Debug|Any CPU
		Release|Any CPU = Release|Any CPU
	EndGlobalSection
	GlobalSection(ProjectConfigurationPlatforms) = postSolution
		{3A14F28C-C2AA-421A-B1E6-AD092DA33B17}.Debug|Any CPU.ActiveCfg = Debug|Any CPU
		{3A14F28C-C2AA-421A-B1E6-AD092DA33B17}.Debug|Any CPU.Build.0 = Debug|Any CPU
		{3A14F28C-C2AA-421A-B1E6-AD092DA33B17}.Release|Any CPU.ActiveCfg = Release|Any CPU
		{3A14F28C-C2AA-421A-B1E6-AD092DA33B17}.Release|Any CPU.Build.0 = Release|Any CPU
		{39060B2C-5A73-4D86-9871-B60C808E28A6}.Debug|Any CPU.ActiveCfg = Debug|Any CPU
		{39060B2C-5A73-4D86-9871-B60C808E28A6}.Debug|Any CPU.Build.0 = Debug|Any CPU
		{39060B2C-5A73-4D86-9871-B60C808E28A6}.Release|Any CPU.ActiveCfg = Release|Any CPU
		{39060B2C-5A73-4D86-9871-B60C808E28A6}.Release|Any CPU.Build.0 = Release|Any CPU
		{3EE59FA3-0787-4020-ABBA-5068B5E2C004}.Debug|Any CPU.ActiveCfg = Debug|Any CPU
		{3EE59FA3-0787-4020-ABBA-5068B5E2C004}.Debug|Any CPU.Build.0 = Debug|Any CPU
		{3EE59FA3-0787-4020-ABBA-5068B5E2C004}.Release|Any CPU.ActiveCfg = Release|Any CPU
		{3EE59FA3-0787-4020-ABBA-5068B5E2C004}.Release|Any CPU.Build.0 = Release|Any CPU
	EndGlobalSection
	GlobalSection(SolutionProperties) = preSolution
		HideSolutionNode = FALSE
	EndGlobalSection
	GlobalSection(ExtensibilityGlobals) = postSolution
		SolutionGuid = {3DA5DB7B-ACE8-4C51-8E24-AECBE8EEF18E}
	EndGlobalSection
EndGlobal
